
Microsoft Visual Studio Solution File, Format Version 12.00
# Visual Studio Version 16
VisualStudioVersion = 16.0.30717.126
MinimumVisualStudioVersion = 10.0.40219.1
Project("{FAE04EC0-301F-11D3-BF4B-00C04F79EFBC}") = "TheIdeaCompiler", "TheIdeaCompiler.csproj", "{CCD67682-FC22-4978-89A7-6C3E29AC435D}"
EndProject
Global
	GlobalSection(SolutionConfigurationPlatforms) = preSolution
		Debug|Any CPU = Debug|Any CPU
		Release|Any CPU = Release|Any CPU
	EndGlobalSection
	GlobalSection(ProjectConfigurationPlatforms) = postSolution
		{CCD67682-FC22-4978-89A7-6C3E29AC435D}.Debug|Any CPU.ActiveCfg = Debug|Any CPU
		{CCD67682-FC22-4978-89A7-6C3E29AC435D}.Debug|Any CPU.Build.0 = Debug|Any CPU
		{CCD67682-FC22-4978-89A7-6C3E29AC435D}.Release|Any CPU.ActiveCfg = Release|Any CPU
		{CCD67682-FC22-4978-89A7-6C3E29AC435D}.Release|Any CPU.Build.0 = Release|Any CPU
	EndGlobalSection
	GlobalSection(SolutionProperties) = preSolution
		HideSolutionNode = FALSE
	EndGlobalSection
	GlobalSection(ExtensibilityGlobals) = postSolution
		SolutionGuid = {405B0283-B07E-41B4-9645-6FE847BA792D}
	EndGlobalSection
EndGlobal
